
Microsoft Visual Studio Solution File, Format Version 12.00
# Visual Studio Version 17
VisualStudioVersion = 17.13.35919.96
MinimumVisualStudioVersion = 10.0.40219.1
Project("{FAE04EC0-301F-11D3-BF4B-00C04F79EFBC}") = "CitasBot", "CitasBot.csproj", "{AA53126F-7DD2-4F72-85C2-597C4DACAC4F}"
EndProject
Project("{FAE04EC0-301F-11D3-BF4B-00C04F79EFBC}") = "Entity", "Entity\Entity.csproj", "{5DA3B0B4-5B63-4B2C-A2D0-C39380E3871F}"
EndProject
Project("{FAE04EC0-301F-11D3-BF4B-00C04F79EFBC}") = "ServiceBot", "ServiceBot\ServiceBot.csproj", "{C7DF19DD-9463-4F0C-88FC-634CBBDDCCC0}"
EndProject
Project("{FAE04EC0-301F-11D3-BF4B-00C04F79EFBC}") = "DAL", "DAL\DAL.csproj", "{54C70C62-2867-468D-AAE0-90361C665241}"
EndProject
Project("{FAE04EC0-301F-11D3-BF4B-00C04F79EFBC}") = "prueba", "prueba\prueba.csproj", "{98F88BA3-7308-40C4-AB9B-C5B419D4E8D5}"
EndProject
Project("{FAE04EC0-301F-11D3-BF4B-00C04F79EFBC}") = "Service", "Service\Service.csproj", "{EEA37C7A-B470-460D-B0A0-5037A136C514}"
EndProject
Global
	GlobalSection(SolutionConfigurationPlatforms) = preSolution
		Debug|Any CPU = Debug|Any CPU
		Release|Any CPU = Release|Any CPU
	EndGlobalSection
	GlobalSection(ProjectConfigurationPlatforms) = postSolution
		{AA53126F-7DD2-4F72-85C2-597C4DACAC4F}.Debug|Any CPU.ActiveCfg = Debug|Any CPU
		{AA53126F-7DD2-4F72-85C2-597C4DACAC4F}.Debug|Any CPU.Build.0 = Debug|Any CPU
		{AA53126F-7DD2-4F72-85C2-597C4DACAC4F}.Release|Any CPU.ActiveCfg = Release|Any CPU
		{AA53126F-7DD2-4F72-85C2-597C4DACAC4F}.Release|Any CPU.Build.0 = Release|Any CPU
		{5DA3B0B4-5B63-4B2C-A2D0-C39380E3871F}.Debug|Any CPU.ActiveCfg = Debug|Any CPU
		{5DA3B0B4-5B63-4B2C-A2D0-C39380E3871F}.Debug|Any CPU.Build.0 = Debug|Any CPU
		{5DA3B0B4-5B63-4B2C-A2D0-C39380E3871F}.Release|Any CPU.ActiveCfg = Release|Any CPU
		{5DA3B0B4-5B63-4B2C-A2D0-C39380E3871F}.Release|Any CPU.Build.0 = Release|Any CPU
		{C7DF19DD-9463-4F0C-88FC-634CBBDDCCC0}.Debug|Any CPU.ActiveCfg = Debug|Any CPU
		{C7DF19DD-9463-4F0C-88FC-634CBBDDCCC0}.Debug|Any CPU.Build.0 = Debug|Any CPU
		{C7DF19DD-9463-4F0C-88FC-634CBBDDCCC0}.Release|Any CPU.ActiveCfg = Release|Any CPU
		{C7DF19DD-9463-4F0C-88FC-634CBBDDCCC0}.Release|Any CPU.Build.0 = Release|Any CPU
		{54C70C62-2867-468D-AAE0-90361C665241}.Debug|Any CPU.ActiveCfg = Debug|Any CPU
		{54C70C62-2867-468D-AAE0-90361C665241}.Debug|Any CPU.Build.0 = Debug|Any CPU
		{54C70C62-2867-468D-AAE0-90361C665241}.Release|Any CPU.ActiveCfg = Release|Any CPU
		{54C70C62-2867-468D-AAE0-90361C665241}.Release|Any CPU.Build.0 = Release|Any CPU
		{98F88BA3-7308-40C4-AB9B-C5B419D4E8D5}.Debug|Any CPU.ActiveCfg = Debug|Any CPU
		{98F88BA3-7308-40C4-AB9B-C5B419D4E8D5}.Debug|Any CPU.Build.0 = Debug|Any CPU
		{98F88BA3-7308-40C4-AB9B-C5B419D4E8D5}.Release|Any CPU.ActiveCfg = Release|Any CPU
		{98F88BA3-7308-40C4-AB9B-C5B419D4E8D5}.Release|Any CPU.Build.0 = Release|Any CPU
		{EEA37C7A-B470-460D-B0A0-5037A136C514}.Debug|Any CPU.ActiveCfg = Debug|Any CPU
		{EEA37C7A-B470-460D-B0A0-5037A136C514}.Debug|Any CPU.Build.0 = Debug|Any CPU
		{EEA37C7A-B470-460D-B0A0-5037A136C514}.Release|Any CPU.ActiveCfg = Release|Any CPU
		{EEA37C7A-B470-460D-B0A0-5037A136C514}.Release|Any CPU.Build.0 = Release|Any CPU
	EndGlobalSection
	GlobalSection(SolutionProperties) = preSolution
		HideSolutionNode = FALSE
	EndGlobalSection
	GlobalSection(ExtensibilityGlobals) = postSolution
		SolutionGuid = {DD0D2A8F-B660-4840-BF7B-4C2A60DDC812}
	EndGlobalSection
EndGlobal
